
Microsoft Visual Studio Solution File, Format Version 12.00
# Visual Studio Version 16
VisualStudioVersion = 16.0.29020.237
MinimumVisualStudioVersion = 10.0.40219.1
Project("{FAE04EC0-301F-11D3-BF4B-00C04F79EFBC}") = "ProyectoFinal", "ProyectoFinal\ProyectoFinal.csproj", "{D082D13C-D621-4809-A6A8-1616AF7B9D22}"
EndProject
Project("{FAE04EC0-301F-11D3-BF4B-00C04F79EFBC}") = "BLL", "BLL\BLL.csproj", "{43D42053-D61A-4AA0-8883-D6D713414124}"
EndProject
Project("{FAE04EC0-301F-11D3-BF4B-00C04F79EFBC}") = "DAL", "DAL\DAL.csproj", "{3405E19A-F092-420C-82D9-CD094D38FC34}"
EndProject
Project("{FAE04EC0-301F-11D3-BF4B-00C04F79EFBC}") = "Entidades", "Entidades\Entidades.csproj", "{32606CB1-0A69-4F10-8D08-61764AF73A79}"
EndProject
Project("{FAE04EC0-301F-11D3-BF4B-00C04F79EFBC}") = "BLLTests", "BLLTests\BLLTests.csproj", "{7A0D2D09-45B4-4B92-9B0A-3DED94358C58}"
EndProject
Global
	GlobalSection(SolutionConfigurationPlatforms) = preSolution
		Debug|Any CPU = Debug|Any CPU
		Release|Any CPU = Release|Any CPU
	EndGlobalSection
	GlobalSection(ProjectConfigurationPlatforms) = postSolution
		{D082D13C-D621-4809-A6A8-1616AF7B9D22}.Debug|Any CPU.ActiveCfg = Debug|Any CPU
		{D082D13C-D621-4809-A6A8-1616AF7B9D22}.Debug|Any CPU.Build.0 = Debug|Any CPU
		{D082D13C-D621-4809-A6A8-1616AF7B9D22}.Release|Any CPU.ActiveCfg = Release|Any CPU
		{D082D13C-D621-4809-A6A8-1616AF7B9D22}.Release|Any CPU.Build.0 = Release|Any CPU
		{43D42053-D61A-4AA0-8883-D6D713414124}.Debug|Any CPU.ActiveCfg = Debug|Any CPU
		{43D42053-D61A-4AA0-8883-D6D713414124}.Debug|Any CPU.Build.0 = Debug|Any CPU
		{43D42053-D61A-4AA0-8883-D6D713414124}.Release|Any CPU.ActiveCfg = Release|Any CPU
		{43D42053-D61A-4AA0-8883-D6D713414124}.Release|Any CPU.Build.0 = Release|Any CPU
		{3405E19A-F092-420C-82D9-CD094D38FC34}.Debug|Any CPU.ActiveCfg = Debug|Any CPU
		{3405E19A-F092-420C-82D9-CD094D38FC34}.Debug|Any CPU.Build.0 = Debug|Any CPU
		{3405E19A-F092-420C-82D9-CD094D38FC34}.Release|Any CPU.ActiveCfg = Release|Any CPU
		{3405E19A-F092-420C-82D9-CD094D38FC34}.Release|Any CPU.Build.0 = Release|Any CPU
		{32606CB1-0A69-4F10-8D08-61764AF73A79}.Debug|Any CPU.ActiveCfg = Debug|Any CPU
		{32606CB1-0A69-4F10-8D08-61764AF73A79}.Debug|Any CPU.Build.0 = Debug|Any CPU
		{32606CB1-0A69-4F10-8D08-61764AF73A79}.Release|Any CPU.ActiveCfg = Release|Any CPU
		{32606CB1-0A69-4F10-8D08-61764AF73A79}.Release|Any CPU.Build.0 = Release|Any CPU
		{7A0D2D09-45B4-4B92-9B0A-3DED94358C58}.Debug|Any CPU.ActiveCfg = Debug|Any CPU
		{7A0D2D09-45B4-4B92-9B0A-3DED94358C58}.Debug|Any CPU.Build.0 = Debug|Any CPU
		{7A0D2D09-45B4-4B92-9B0A-3DED94358C58}.Release|Any CPU.ActiveCfg = Release|Any CPU
		{7A0D2D09-45B4-4B92-9B0A-3DED94358C58}.Release|Any CPU.Build.0 = Release|Any CPU
	EndGlobalSection
	GlobalSection(SolutionProperties) = preSolution
		HideSolutionNode = FALSE
	EndGlobalSection
	GlobalSection(ExtensibilityGlobals) = postSolution
		SolutionGuid = {1BC16BEE-796F-469F-8C6A-A957AB51FB4E}
	EndGlobalSection
EndGlobal
